
Microsoft Visual Studio Solution File, Format Version 12.00
# Visual Studio Version 17
VisualStudioVersion = 17.0.31912.275
MinimumVisualStudioVersion = 10.0.40219.1
Project("{9A19103F-16F7-4668-BE54-9A1E7A4F7556}") = "Extractor", "Extractor\Extractor.csproj", "{B17B34BF-8B91-4A27-A581-774274EBCDEE}"
EndProject
Project("{9A19103F-16F7-4668-BE54-9A1E7A4F7556}") = "ThesisModel", "ThesisModel\ThesisModel.csproj", "{F431FEFA-D5CC-4D16-B2AB-ED8B8FF64572}"
EndProject
Project("{9A19103F-16F7-4668-BE54-9A1E7A4F7556}") = "PdfExtractor", "PdfExtractor\PdfExtractor.csproj", "{7FB95F18-F10B-497B-9175-EB8CFEECC6FE}"
EndProject
Project("{9A19103F-16F7-4668-BE54-9A1E7A4F7556}") = "PretrainedModelPicker", "ModelPicker\PretrainedModelPicker.csproj", "{B0AE08AD-D2FB-4860-BF7F-D0E9738EDABB}"
EndProject
Project("{9A19103F-16F7-4668-BE54-9A1E7A4F7556}") = "Summarizer", "Summarizer\Summarizer.csproj", "{9AF17878-EF06-4747-BD23-E3ED959E9548}"
EndProject
Global
	GlobalSection(SolutionConfigurationPlatforms) = preSolution
		Debug|Any CPU = Debug|Any CPU
		Release|Any CPU = Release|Any CPU
	EndGlobalSection
	GlobalSection(ProjectConfigurationPlatforms) = postSolution
		{B17B34BF-8B91-4A27-A581-774274EBCDEE}.Debug|Any CPU.ActiveCfg = Debug|Any CPU
		{B17B34BF-8B91-4A27-A581-774274EBCDEE}.Debug|Any CPU.Build.0 = Debug|Any CPU
		{B17B34BF-8B91-4A27-A581-774274EBCDEE}.Release|Any CPU.ActiveCfg = Release|Any CPU
		{B17B34BF-8B91-4A27-A581-774274EBCDEE}.Release|Any CPU.Build.0 = Release|Any CPU
		{F431FEFA-D5CC-4D16-B2AB-ED8B8FF64572}.Debug|Any CPU.ActiveCfg = Debug|Any CPU
		{F431FEFA-D5CC-4D16-B2AB-ED8B8FF64572}.Debug|Any CPU.Build.0 = Debug|Any CPU
		{F431FEFA-D5CC-4D16-B2AB-ED8B8FF64572}.Release|Any CPU.ActiveCfg = Release|Any CPU
		{F431FEFA-D5CC-4D16-B2AB-ED8B8FF64572}.Release|Any CPU.Build.0 = Release|Any CPU
		{7FB95F18-F10B-497B-9175-EB8CFEECC6FE}.Debug|Any CPU.ActiveCfg = Debug|Any CPU
		{7FB95F18-F10B-497B-9175-EB8CFEECC6FE}.Debug|Any CPU.Build.0 = Debug|Any CPU
		{7FB95F18-F10B-497B-9175-EB8CFEECC6FE}.Release|Any CPU.ActiveCfg = Release|Any CPU
		{7FB95F18-F10B-497B-9175-EB8CFEECC6FE}.Release|Any CPU.Build.0 = Release|Any CPU
		{B0AE08AD-D2FB-4860-BF7F-D0E9738EDABB}.Debug|Any CPU.ActiveCfg = Debug|Any CPU
		{B0AE08AD-D2FB-4860-BF7F-D0E9738EDABB}.Debug|Any CPU.Build.0 = Debug|Any CPU
		{B0AE08AD-D2FB-4860-BF7F-D0E9738EDABB}.Release|Any CPU.ActiveCfg = Release|Any CPU
		{B0AE08AD-D2FB-4860-BF7F-D0E9738EDABB}.Release|Any CPU.Build.0 = Release|Any CPU
		{9AF17878-EF06-4747-BD23-E3ED959E9548}.Debug|Any CPU.ActiveCfg = Debug|Any CPU
		{9AF17878-EF06-4747-BD23-E3ED959E9548}.Debug|Any CPU.Build.0 = Debug|Any CPU
		{9AF17878-EF06-4747-BD23-E3ED959E9548}.Release|Any CPU.ActiveCfg = Release|Any CPU
		{9AF17878-EF06-4747-BD23-E3ED959E9548}.Release|Any CPU.Build.0 = Release|Any CPU
	EndGlobalSection
	GlobalSection(SolutionProperties) = preSolution
		HideSolutionNode = FALSE
	EndGlobalSection
	GlobalSection(ExtensibilityGlobals) = postSolution
		SolutionGuid = {1323B722-09A8-4896-8516-E5BBC64DBB29}
	EndGlobalSection
EndGlobal
